
Microsoft Visual Studio Solution File, Format Version 12.00
# Visual Studio Version 16
VisualStudioVersion = 16.0.30225.117
MinimumVisualStudioVersion = 10.0.40219.1
Project("{8BC9CEB8-8B4A-11D0-8D11-00A0C91BC942}") = "zidinileixing", "zidinileixing.vcxproj", "{E0F4F730-D974-40F7-8536-241602DAFF05}"
EndProject
Global
	GlobalSection(SolutionConfigurationPlatforms) = preSolution
		Debug|x64 = Debug|x64
		Debug|x86 = Debug|x86
		Release|x64 = Release|x64
		Release|x86 = Release|x86
	EndGlobalSection
	GlobalSection(ProjectConfigurationPlatforms) = postSolution
		{E0F4F730-D974-40F7-8536-241602DAFF05}.Debug|x64.ActiveCfg = Debug|x64
		{E0F4F730-D974-40F7-8536-241602DAFF05}.Debug|x64.Build.0 = Debug|x64
		{E0F4F730-D974-40F7-8536-241602DAFF05}.Debug|x86.ActiveCfg = Debug|Win32
		{E0F4F730-D974-40F7-8536-241602DAFF05}.Debug|x86.Build.0 = Debug|Win32
		{E0F4F730-D974-40F7-8536-241602DAFF05}.Release|x64.ActiveCfg = Release|x64
		{E0F4F730-D974-40F7-8536-241602DAFF05}.Release|x64.Build.0 = Release|x64
		{E0F4F730-D974-40F7-8536-241602DAFF05}.Release|x86.ActiveCfg = Release|Win32
		{E0F4F730-D974-40F7-8536-241602DAFF05}.Release|x86.Build.0 = Release|Win32
	EndGlobalSection
	GlobalSection(SolutionProperties) = preSolution
		HideSolutionNode = FALSE
	EndGlobalSection
	GlobalSection(ExtensibilityGlobals) = postSolution
		SolutionGuid = {74B4F0EF-DC54-400C-820D-15EA9C63F2E1}
	EndGlobalSection
EndGlobal
