
Microsoft Visual Studio Solution File, Format Version 12.00
# Visual Studio Version 16
VisualStudioVersion = 16.0.30225.117
MinimumVisualStudioVersion = 10.0.40219.1
Project("{8BC9CEB8-8B4A-11D0-8D11-00A0C91BC942}") = "datein11_27shujucunchu", "datein11_27shujucunchu.vcxproj", "{3D9D2AFB-EC6F-48B3-B48F-3415051054A8}"
EndProject
Global
	GlobalSection(SolutionConfigurationPlatforms) = preSolution
		Debug|x64 = Debug|x64
		Debug|x86 = Debug|x86
		Release|x64 = Release|x64
		Release|x86 = Release|x86
	EndGlobalSection
	GlobalSection(ProjectConfigurationPlatforms) = postSolution
		{3D9D2AFB-EC6F-48B3-B48F-3415051054A8}.Debug|x64.ActiveCfg = Debug|x64
		{3D9D2AFB-EC6F-48B3-B48F-3415051054A8}.Debug|x64.Build.0 = Debug|x64
		{3D9D2AFB-EC6F-48B3-B48F-3415051054A8}.Debug|x86.ActiveCfg = Debug|Win32
		{3D9D2AFB-EC6F-48B3-B48F-3415051054A8}.Debug|x86.Build.0 = Debug|Win32
		{3D9D2AFB-EC6F-48B3-B48F-3415051054A8}.Release|x64.ActiveCfg = Release|x64
		{3D9D2AFB-EC6F-48B3-B48F-3415051054A8}.Release|x64.Build.0 = Release|x64
		{3D9D2AFB-EC6F-48B3-B48F-3415051054A8}.Release|x86.ActiveCfg = Release|Win32
		{3D9D2AFB-EC6F-48B3-B48F-3415051054A8}.Release|x86.Build.0 = Release|Win32
	EndGlobalSection
	GlobalSection(SolutionProperties) = preSolution
		HideSolutionNode = FALSE
	EndGlobalSection
	GlobalSection(ExtensibilityGlobals) = postSolution
		SolutionGuid = {72CE8597-AC97-42E9-BFB0-0938A1D493E4}
	EndGlobalSection
EndGlobal
